{
  "version": 4,
  "terraform_version": "1.3.1",
  "serial": 51,
  "lineage": "b537ddcc-97e2-dab8-34ac-a3afc1261d8f",
  "outputs": {},
  "resources": [
    {
      "mode": "managed",
      "type": "local_file",
      "name": "foo",
      "provider": "provider[\"registry.terraform.io/hashicorp/local\"]",
      "instances": [
        {
          "index_key": 0,
          "schema_version": 0,
          "attributes": {
            "content": "some text",
            "content_base64": null,
            "directory_permission": "0777",
            "file_permission": "0777",
            "filename": ".\\document.text-0",
            "id": "37aa63c77398d954473262e1a0057c1e632eda77",
            "sensitive_content": null,
            "source": null
          },
          "sensitive_attributes": [],
          "private": "bnVsbA=="
        }
      ]
    }
  ],
  "check_results": []
}
