{
  "version": 4,
  "terraform_version": "1.3.1",
  "serial": 59,
  "lineage": "8bca70be-fbb4-ecd0-5abd-ca4975e4d72e",
  "outputs": {},
  "resources": [
    {
      "mode": "managed",
      "type": "local_file",
      "name": "foo",
      "provider": "provider[\"registry.terraform.io/hashicorp/local\"]",
      "instances": [
        {
          "index_key": 0,
          "schema_version": 0,
          "attributes": {
            "content": "some text",
            "content_base64": null,
            "directory_permission": "0777",
            "file_permission": "0777",
            "filename": ".\\document.txt-0",
            "id": "37aa63c77398d954473262e1a0057c1e632eda77",
            "sensitive_content": null,
            "source": null
          },
          "sensitive_attributes": [],
          "private": "bnVsbA=="
        },
        {
          "index_key": 1,
          "schema_version": 0,
          "attributes": {
            "content": "some text",
            "content_base64": null,
            "directory_permission": "0777",
            "file_permission": "0777",
            "filename": ".\\document.txt-1",
            "id": "37aa63c77398d954473262e1a0057c1e632eda77",
            "sensitive_content": null,
            "source": null
          },
          "sensitive_attributes": [],
          "private": "bnVsbA=="
        },
        {
          "index_key": 2,
          "schema_version": 0,
          "attributes": {
            "content": "some text",
            "content_base64": null,
            "directory_permission": "0777",
            "file_permission": "0777",
            "filename": ".\\document.txt-2",
            "id": "37aa63c77398d954473262e1a0057c1e632eda77",
            "sensitive_content": null,
            "source": null
          },
          "sensitive_attributes": [],
          "private": "bnVsbA=="
        },
        {
          "index_key": 3,
          "schema_version": 0,
          "attributes": {
            "content": "some text",
            "content_base64": null,
            "directory_permission": "0777",
            "file_permission": "0777",
            "filename": ".\\document.txt-3",
            "id": "37aa63c77398d954473262e1a0057c1e632eda77",
            "sensitive_content": null,
            "source": null
          },
          "sensitive_attributes": [],
          "private": "bnVsbA=="
        },
        {
          "index_key": 4,
          "schema_version": 0,
          "attributes": {
            "content": "some text",
            "content_base64": null,
            "directory_permission": "0777",
            "file_permission": "0777",
            "filename": ".\\document.txt-4",
            "id": "37aa63c77398d954473262e1a0057c1e632eda77",
            "sensitive_content": null,
            "source": null
          },
          "sensitive_attributes": [],
          "private": "bnVsbA=="
        },
        {
          "index_key": 5,
          "schema_version": 0,
          "attributes": {
            "content": "some text",
            "content_base64": null,
            "directory_permission": "0777",
            "file_permission": "0777",
            "filename": ".\\document.txt-5",
            "id": "37aa63c77398d954473262e1a0057c1e632eda77",
            "sensitive_content": null,
            "source": null
          },
          "sensitive_attributes": [],
          "private": "bnVsbA=="
        },
        {
          "index_key": 6,
          "schema_version": 0,
          "attributes": {
            "content": "some text",
            "content_base64": null,
            "directory_permission": "0777",
            "file_permission": "0777",
            "filename": ".\\document.txt-6",
            "id": "37aa63c77398d954473262e1a0057c1e632eda77",
            "sensitive_content": null,
            "source": null
          },
          "sensitive_attributes": [],
          "private": "bnVsbA=="
        },
        {
          "index_key": 7,
          "schema_version": 0,
          "attributes": {
            "content": "some text",
            "content_base64": null,
            "directory_permission": "0777",
            "file_permission": "0777",
            "filename": ".\\document.txt-7",
            "id": "37aa63c77398d954473262e1a0057c1e632eda77",
            "sensitive_content": null,
            "source": null
          },
          "sensitive_attributes": [],
          "private": "bnVsbA=="
        },
        {
          "index_key": 8,
          "schema_version": 0,
          "attributes": {
            "content": "some text",
            "content_base64": null,
            "directory_permission": "0777",
            "file_permission": "0777",
            "filename": ".\\document.txt-8",
            "id": "37aa63c77398d954473262e1a0057c1e632eda77",
            "sensitive_content": null,
            "source": null
          },
          "sensitive_attributes": [],
          "private": "bnVsbA=="
        },
        {
          "index_key": 9,
          "schema_version": 0,
          "attributes": {
            "content": "some text",
            "content_base64": null,
            "directory_permission": "0777",
            "file_permission": "0777",
            "filename": ".\\document.txt-9",
            "id": "37aa63c77398d954473262e1a0057c1e632eda77",
            "sensitive_content": null,
            "source": null
          },
          "sensitive_attributes": [],
          "private": "bnVsbA=="
        }
      ]
    }
  ],
  "check_results": []
}
