{
  "version": 4,
  "terraform_version": "1.3.0",
  "serial": 34,
  "lineage": "7b3093c4-186d-61d6-89a2-421d9c18e84e",
  "outputs": {},
  "resources": [
    {
      "mode": "managed",
      "type": "local_file",
      "name": "run",
      "provider": "provider[\"registry.terraform.io/hashicorp/local\"]",
      "instances": [
        {
          "index_key": "first",
          "schema_version": 0,
          "attributes": {
            "content": "First file content",
            "content_base64": null,
            "directory_permission": "0777",
            "file_permission": "0777",
            "filename": "first",
            "id": "a50be69b13ad23dc08036de3e604b84dc56d5265",
            "sensitive_content": null,
            "source": null
          },
          "sensitive_attributes": [],
          "private": "bnVsbA=="
        },
        {
          "index_key": "second",
          "schema_version": 0,
          "attributes": {
            "content": "Second file content",
            "content_base64": null,
            "directory_permission": "0777",
            "file_permission": "0777",
            "filename": "second",
            "id": "89197e4c73616d19d34f4a8aaf6174633364e4c3",
            "sensitive_content": null,
            "source": null
          },
          "sensitive_attributes": [],
          "private": "bnVsbA=="
        },
        {
          "index_key": "third",
          "schema_version": 0,
          "attributes": {
            "content": "Third file content",
            "content_base64": null,
            "directory_permission": "0777",
            "file_permission": "0777",
            "filename": "third",
            "id": "1e155dd7583968e9d02ce392abdaa7f1df280bcd",
            "sensitive_content": null,
            "source": null
          },
          "sensitive_attributes": [],
          "private": "bnVsbA=="
        }
      ]
    }
  ],
  "check_results": []
}
